// !$*UTF8*$!
{
	archiveVersion = 1;
	classes = {
	};
	objectVersion = 56;
	objects = {

/* Begin PBXBuildFile section */
		87DF226D291C0049006881C0 /* Animation_AppApp.swift in Sources */ = {isa = PBXBuildFile; fileRef = 87DF226C291C0049006881C0 /* Animation_AppApp.swift */; };
		87DF226F291C0049006881C0 /* ContentView.swift in Sources */ = {isa = PBXBuildFile; fileRef = 87DF226E291C0049006881C0 /* ContentView.swift */; };
		87DF2271291C004A006881C0 /* Assets.xcassets in Resources */ = {isa = PBXBuildFile; fileRef = 87DF2270291C004A006881C0 /* Assets.xcassets */; };
		87DF2275291C004A006881C0 /* Preview Assets.xcassets in Resources */ = {isa = PBXBuildFile; fileRef = 87DF2274291C004A006881C0 /* Preview Assets.xcassets */; };
		87DF227F291C004A006881C0 /* Animation_AppTests.swift in Sources */ = {isa = PBXBuildFile; fileRef = 87DF227E291C004A006881C0 /* Animation_AppTests.swift */; };
		87DF2289291C004A006881C0 /* Animation_AppUITests.swift in Sources */ = {isa = PBXBuildFile; fileRef = 87DF2288291C004A006881C0 /* Animation_AppUITests.swift */; };
		87DF228B291C004A006881C0 /* Animation_AppUITestsLaunchTests.swift in Sources */ = {isa = PBXBuildFile; fileRef = 87DF228A291C004A006881C0 /* Animation_AppUITestsLaunchTests.swift */; };
/* End PBXBuildFile section */

/* Begin PBXContainerItemProxy section */
		87DF227B291C004A006881C0 /* PBXContainerItemProxy */ = {
			isa = PBXContainerItemProxy;
			containerPortal = 87DF2261291C0049006881C0 /* Project object */;
			proxyType = 1;
			remoteGlobalIDString = 87DF2268291C0049006881C0;
			remoteInfo = "Animation App";
		};
		87DF2285291C004A006881C0 /* PBXContainerItemProxy */ = {
			isa = PBXContainerItemProxy;
			containerPortal = 87DF2261291C0049006881C0 /* Project object */;
			proxyType = 1;
			remoteGlobalIDString = 87DF2268291C0049006881C0;
			remoteInfo = "Animation App";
		};
/* End PBXContainerItemProxy section */

/* Begin PBXFileReference section */
		87DF2269291C0049006881C0 /* Animation App.app */ = {isa = PBXFileReference; explicitFileType = wrapper.application; includeInIndex = 0; path = "Animation App.app"; sourceTree = BUILT_PRODUCTS_DIR; };
		87DF226C291C0049006881C0 /* Animation_AppApp.swift */ = {isa = PBXFileReference; lastKnownFileType = sourcecode.swift; path = Animation_AppApp.swift; sourceTree = "<group>"; };
		87DF226E291C0049006881C0 /* ContentView.swift */ = {isa = PBXFileReference; lastKnownFileType = sourcecode.swift; path = ContentView.swift; sourceTree = "<group>"; };
		87DF2270291C004A006881C0 /* Assets.xcassets */ = {isa = PBXFileReference; lastKnownFileType = folder.assetcatalog; path = Assets.xcassets; sourceTree = "<group>"; };
		87DF2272291C004A006881C0 /* Animation_App.entitlements */ = {isa = PBXFileReference; lastKnownFileType = text.plist.entitlements; path = Animation_App.entitlements; sourceTree = "<group>"; };
		87DF2274291C004A006881C0 /* Preview Assets.xcassets */ = {isa = PBXFileReference; lastKnownFileType = folder.assetcatalog; path = "Preview Assets.xcassets"; sourceTree = "<group>"; };
		87DF227A291C004A006881C0 /* Animation AppTests.xctest */ = {isa = PBXFileReference; explicitFileType = wrapper.cfbundle; includeInIndex = 0; path = "Animation AppTests.xctest"; sourceTree = BUILT_PRODUCTS_DIR; };
		87DF227E291C004A006881C0 /* Animation_AppTests.swift */ = {isa = PBXFileReference; lastKnownFileType = sourcecode.swift; path = Animation_AppTests.swift; sourceTree = "<group>"; };
		87DF2284291C004A006881C0 /* Animation AppUITests.xctest */ = {isa = PBXFileReference; explicitFileType = wrapper.cfbundle; includeInIndex = 0; path = "Animation AppUITests.xctest"; sourceTree = BUILT_PRODUCTS_DIR; };
		87DF2288291C004A006881C0 /* Animation_AppUITests.swift */ = {isa = PBXFileReference; lastKnownFileType = sourcecode.swift; path = Animation_AppUITests.swift; sourceTree = "<group>"; };
		87DF228A291C004A006881C0 /* Animation_AppUITestsLaunchTests.swift */ = {isa = PBXFileReference; lastKnownFileType = sourcecode.swift; path = Animation_AppUITestsLaunchTests.swift; sourceTree = "<group>"; };
/* End PBXFileReference section */

/* Begin PBXFrameworksBuildPhase section */
		87DF2266291C0049006881C0 /* Frameworks */ = {
			isa = PBXFrameworksBuildPhase;
			buildActionMask = 2147483647;
			files = (
			);
			runOnlyForDeploymentPostprocessing = 0;
		};
		87DF2277291C004A006881C0 /* Frameworks */ = {
			isa = PBXFrameworksBuildPhase;
			buildActionMask = 2147483647;
			files = (
			);
			runOnlyForDeploymentPostprocessing = 0;
		};
		87DF2281291C004A006881C0 /* Frameworks */ = {
			isa = PBXFrameworksBuildPhase;
			buildActionMask = 2147483647;
			files = (
			);
			runOnlyForDeploymentPostprocessing = 0;
		};
/* End PBXFrameworksBuildPhase section */

/* Begin PBXGroup section */
		87DF2260291C0049006881C0 = {
			isa = PBXGroup;
			children = (
				87DF226B291C0049006881C0 /* Animation App */,
				87DF227D291C004A006881C0 /* Animation AppTests */,
				87DF2287291C004A006881C0 /* Animation AppUITests */,
				87DF226A291C0049006881C0 /* Products */,
			);
			sourceTree = "<group>";
		};
		87DF226A291C0049006881C0 /* Products */ = {
			isa = PBXGroup;
			children = (
				87DF2269291C0049006881C0 /* Animation App.app */,
				87DF227A291C004A006881C0 /* Animation AppTests.xctest */,
				87DF2284291C004A006881C0 /* Animation AppUITests.xctest */,
			);
			name = Products;
			sourceTree = "<group>";
		};
		87DF226B291C0049006881C0 /* Animation App */ = {
			isa = PBXGroup;
			children = (
				87DF226C291C0049006881C0 /* Animation_AppApp.swift */,
				87DF226E291C0049006881C0 /* ContentView.swift */,
				87DF2270291C004A006881C0 /* Assets.xcassets */,
				87DF2272291C004A006881C0 /* Animation_App.entitlements */,
				87DF2273291C004A006881C0 /* Preview Content */,
			);
			path = "Animation App";
			sourceTree = "<group>";
		};
		87DF2273291C004A006881C0 /* Preview Content */ = {
			isa = PBXGroup;
			children = (
				87DF2274291C004A006881C0 /* Preview Assets.xcassets */,
			);
			path = "Preview Content";
			sourceTree = "<group>";
		};
		87DF227D291C004A006881C0 /* Animation AppTests */ = {
			isa = PBXGroup;
			children = (
				87DF227E291C004A006881C0 /* Animation_AppTests.swift */,
			);
			path = "Animation AppTests";
			sourceTree = "<group>";
		};
		87DF2287291C004A006881C0 /* Animation AppUITests */ = {
			isa = PBXGroup;
			children = (
				87DF2288291C004A006881C0 /* Animation_AppUITests.swift */,
				87DF228A291C004A006881C0 /* Animation_AppUITestsLaunchTests.swift */,
			);
			path = "Animation AppUITests";
			sourceTree = "<group>";
		};
/* End PBXGroup section */

/* Begin PBXNativeTarget section */
		87DF2268291C0049006881C0 /* Animation App */ = {
			isa = PBXNativeTarget;
			buildConfigurationList = 87DF228E291C004A006881C0 /* Build configuration list for PBXNativeTarget "Animation App" */;
			buildPhases = (
				87DF2265291C0049006881C0 /* Sources */,
				87DF2266291C0049006881C0 /* Frameworks */,
				87DF2267291C0049006881C0 /* Resources */,
			);
			buildRules = (
			);
			dependencies = (
			);
			name = "Animation App";
			productName = "Animation App";
			productReference = 87DF2269291C0049006881C0 /* Animation App.app */;
			productType = "com.apple.product-type.application";
		};
		87DF2279291C004A006881C0 /* Animation AppTests */ = {
			isa = PBXNativeTarget;
			buildConfigurationList = 87DF2291291C004A006881C0 /* Build configuration list for PBXNativeTarget "Animation AppTests" */;
			buildPhases = (
				87DF2276291C004A006881C0 /* Sources */,
				87DF2277291C004A006881C0 /* Frameworks */,
				87DF2278291C004A006881C0 /* Resources */,
			);
			buildRules = (
			);
			dependencies = (
				87DF227C291C004A006881C0 /* PBXTargetDependency */,
			);
			name = "Animation AppTests";
			productName = "Animation AppTests";
			productReference = 87DF227A291C004A006881C0 /* Animation AppTests.xctest */;
			productType = "com.apple.product-type.bundle.unit-test";
		};
		87DF2283291C004A006881C0 /* Animation AppUITests */ = {
			isa = PBXNativeTarget;
			buildConfigurationList = 87DF2294291C004A006881C0 /* Build configuration list for PBXNativeTarget "Animation AppUITests" */;
			buildPhases = (
				87DF2280291C004A006881C0 /* Sources */,
				87DF2281291C004A006881C0 /* Frameworks */,
				87DF2282291C004A006881C0 /* Resources */,
			);
			buildRules = (
			);
			dependencies = (
				87DF2286291C004A006881C0 /* PBXTargetDependency */,
			);
			name = "Animation AppUITests";
			productName = "Animation AppUITests";
			productReference = 87DF2284291C004A006881C0 /* Animation AppUITests.xctest */;
			productType = "com.apple.product-type.bundle.ui-testing";
		};
/* End PBXNativeTarget section */

/* Begin PBXProject section */
		87DF2261291C0049006881C0 /* Project object */ = {
			isa = PBXProject;
			attributes = {
				BuildIndependentTargetsInParallel = 1;
				LastSwiftUpdateCheck = 1410;
				LastUpgradeCheck = 1410;
				TargetAttributes = {
					87DF2268291C0049006881C0 = {
						CreatedOnToolsVersion = 14.1;
					};
					87DF2279291C004A006881C0 = {
						CreatedOnToolsVersion = 14.1;
						TestTargetID = 87DF2268291C0049006881C0;
					};
					87DF2283291C004A006881C0 = {
						CreatedOnToolsVersion = 14.1;
						TestTargetID = 87DF2268291C0049006881C0;
					};
				};
			};
			buildConfigurationList = 87DF2264291C0049006881C0 /* Build configuration list for PBXProject "Animation App" */;
			compatibilityVersion = "Xcode 14.0";
			developmentRegion = en;
			hasScannedForEncodings = 0;
			knownRegions = (
				en,
				Base,
			);
			mainGroup = 87DF2260291C0049006881C0;
			productRefGroup = 87DF226A291C0049006881C0 /* Products */;
			projectDirPath = "";
			projectRoot = "";
			targets = (
				87DF2268291C0049006881C0 /* Animation App */,
				87DF2279291C004A006881C0 /* Animation AppTests */,
				87DF2283291C004A006881C0 /* Animation AppUITests */,
			);
		};
/* End PBXProject section */

/* Begin PBXResourcesBuildPhase section */
		87DF2267291C0049006881C0 /* Resources */ = {
			isa = PBXResourcesBuildPhase;
			buildActionMask = 2147483647;
			files = (
				87DF2275291C004A006881C0 /* Preview Assets.xcassets in Resources */,
				87DF2271291C004A006881C0 /* Assets.xcassets in Resources */,
			);
			runOnlyForDeploymentPostprocessing = 0;
		};
		87DF2278291C004A006881C0 /* Resources */ = {
			isa = PBXResourcesBuildPhase;
			buildActionMask = 2147483647;
			files = (
			);
			runOnlyForDeploymentPostprocessing = 0;
		};
		87DF2282291C004A006881C0 /* Resources */ = {
			isa = PBXResourcesBuildPhase;
			buildActionMask = 2147483647;
			files = (
			);
			runOnlyForDeploymentPostprocessing = 0;
		};
/* End PBXResourcesBuildPhase section */

/* Begin PBXSourcesBuildPhase section */
		87DF2265291C0049006881C0 /* Sources */ = {
			isa = PBXSourcesBuildPhase;
			buildActionMask = 2147483647;
			files = (
				87DF226F291C0049006881C0 /* ContentView.swift in Sources */,
				87DF226D291C0049006881C0 /* Animation_AppApp.swift in Sources */,
			);
			runOnlyForDeploymentPostprocessing = 0;
		};
		87DF2276291C004A006881C0 /* Sources */ = {
			isa = PBXSourcesBuildPhase;
			buildActionMask = 2147483647;
			files = (
				87DF227F291C004A006881C0 /* Animation_AppTests.swift in Sources */,
			);
			runOnlyForDeploymentPostprocessing = 0;
		};
		87DF2280291C004A006881C0 /* Sources */ = {
			isa = PBXSourcesBuildPhase;
			buildActionMask = 2147483647;
			files = (
				87DF2289291C004A006881C0 /* Animation_AppUITests.swift in Sources */,
				87DF228B291C004A006881C0 /* Animation_AppUITestsLaunchTests.swift in Sources */,
			);
			runOnlyForDeploymentPostprocessing = 0;
		};
/* End PBXSourcesBuildPhase section */

/* Begin PBXTargetDependency section */
		87DF227C291C004A006881C0 /* PBXTargetDependency */ = {
			isa = PBXTargetDependency;
			target = 87DF2268291C0049006881C0 /* Animation App */;
			targetProxy = 87DF227B291C004A006881C0 /* PBXContainerItemProxy */;
		};
		87DF2286291C004A006881C0 /* PBXTargetDependency */ = {
			isa = PBXTargetDependency;
			target = 87DF2268291C0049006881C0 /* Animation App */;
			targetProxy = 87DF2285291C004A006881C0 /* PBXContainerItemProxy */;
		};
/* End PBXTargetDependency section */

/* Begin XCBuildConfiguration section */
		87DF228C291C004A006881C0 /* Debug */ = {
			isa = XCBuildConfiguration;
			buildSettings = {
				ALWAYS_SEARCH_USER_PATHS = NO;
				CLANG_ANALYZER_NONNULL = YES;
				CLANG_ANALYZER_NUMBER_OBJECT_CONVERSION = YES_AGGRESSIVE;
				CLANG_CXX_LANGUAGE_STANDARD = "gnu++20";
				CLANG_ENABLE_MODULES = YES;
				CLANG_ENABLE_OBJC_ARC = YES;
				CLANG_ENABLE_OBJC_WEAK = YES;
				CLANG_WARN_BLOCK_CAPTURE_AUTORELEASING = YES;
				CLANG_WARN_BOOL_CONVERSION = YES;
				CLANG_WARN_COMMA = YES;
				CLANG_WARN_CONSTANT_CONVERSION = YES;
				CLANG_WARN_DEPRECATED_OBJC_IMPLEMENTATIONS = YES;
				CLANG_WARN_DIRECT_OBJC_ISA_USAGE = YES_ERROR;
				CLANG_WARN_DOCUMENTATION_COMMENTS = YES;
				CLANG_WARN_EMPTY_BODY = YES;
				CLANG_WARN_ENUM_CONVERSION = YES;
				CLANG_WARN_INFINITE_RECURSION = YES;
				CLANG_WARN_INT_CONVERSION = YES;
				CLANG_WARN_NON_LITERAL_NULL_CONVERSION = YES;
				CLANG_WARN_OBJC_IMPLICIT_RETAIN_SELF = YES;
				CLANG_WARN_OBJC_LITERAL_CONVERSION = YES;
				CLANG_WARN_OBJC_ROOT_CLASS = YES_ERROR;
				CLANG_WARN_QUOTED_INCLUDE_IN_FRAMEWORK_HEADER = YES;
				CLANG_WARN_RANGE_LOOP_ANALYSIS = YES;
				CLANG_WARN_STRICT_PROTOTYPES = YES;
				CLANG_WARN_SUSPICIOUS_MOVE = YES;
				CLANG_WARN_UNGUARDED_AVAILABILITY = YES_AGGRESSIVE;
				CLANG_WARN_UNREACHABLE_CODE = YES;
				CLANG_WARN__DUPLICATE_METHOD_MATCH = YES;
				COPY_PHASE_STRIP = NO;
				DEBUG_INFORMATION_FORMAT = dwarf;
				ENABLE_STRICT_OBJC_MSGSEND = YES;
				ENABLE_TESTABILITY = YES;
				GCC_C_LANGUAGE_STANDARD = gnu11;
				GCC_DYNAMIC_NO_PIC = NO;
				GCC_NO_COMMON_BLOCKS = YES;
				GCC_OPTIMIZATION_LEVEL = 0;
				GCC_PREPROCESSOR_DEFINITIONS = (
					"DEBUG=1",
					"$(inherited)",
				);
				GCC_WARN_64_TO_32_BIT_CONVERSION = YES;
				GCC_WARN_ABOUT_RETURN_TYPE = YES_ERROR;
				GCC_WARN_UNDECLARED_SELECTOR = YES;
				GCC_WARN_UNINITIALIZED_AUTOS = YES_AGGRESSIVE;
				GCC_WARN_UNUSED_FUNCTION = YES;
				GCC_WARN_UNUSED_VARIABLE = YES;
				MTL_ENABLE_DEBUG_INFO = INCLUDE_SOURCE;
				MTL_FAST_MATH = YES;
				ONLY_ACTIVE_ARCH = YES;
				SWIFT_ACTIVE_COMPILATION_CONDITIONS = DEBUG;
				SWIFT_OPTIMIZATION_LEVEL = "-Onone";
			};
			name = Debug;
		};
		87DF228D291C004A006881C0 /* Release */ = {
			isa = XCBuildConfiguration;
			buildSettings = {
				ALWAYS_SEARCH_USER_PATHS = NO;
				CLANG_ANALYZER_NONNULL = YES;
				CLANG_ANALYZER_NUMBER_OBJECT_CONVERSION = YES_AGGRESSIVE;
				CLANG_CXX_LANGUAGE_STANDARD = "gnu++20";
				CLANG_ENABLE_MODULES = YES;
				CLANG_ENABLE_OBJC_ARC = YES;
				CLANG_ENABLE_OBJC_WEAK = YES;
				CLANG_WARN_BLOCK_CAPTURE_AUTORELEASING = YES;
				CLANG_WARN_BOOL_CONVERSION = YES;
				CLANG_WARN_COMMA = YES;
				CLANG_WARN_CONSTANT_CONVERSION = YES;
				CLANG_WARN_DEPRECATED_OBJC_IMPLEMENTATIONS = YES;
				CLANG_WARN_DIRECT_OBJC_ISA_USAGE = YES_ERROR;
				CLANG_WARN_DOCUMENTATION_COMMENTS = YES;
				CLANG_WARN_EMPTY_BODY = YES;
				CLANG_WARN_ENUM_CONVERSION = YES;
				CLANG_WARN_INFINITE_RECURSION = YES;
				CLANG_WARN_INT_CONVERSION = YES;
				CLANG_WARN_NON_LITERAL_NULL_CONVERSION = YES;
				CLANG_WARN_OBJC_IMPLICIT_RETAIN_SELF = YES;
				CLANG_WARN_OBJC_LITERAL_CONVERSION = YES;
				CLANG_WARN_OBJC_ROOT_CLASS = YES_ERROR;
				CLANG_WARN_QUOTED_INCLUDE_IN_FRAMEWORK_HEADER = YES;
				CLANG_WARN_RANGE_LOOP_ANALYSIS = YES;
				CLANG_WARN_STRICT_PROTOTYPES = YES;
				CLANG_WARN_SUSPICIOUS_MOVE = YES;
				CLANG_WARN_UNGUARDED_AVAILABILITY = YES_AGGRESSIVE;
				CLANG_WARN_UNREACHABLE_CODE = YES;
				CLANG_WARN__DUPLICATE_METHOD_MATCH = YES;
				COPY_PHASE_STRIP = NO;
				DEBUG_INFORMATION_FORMAT = "dwarf-with-dsym";
				ENABLE_NS_ASSERTIONS = NO;
				ENABLE_STRICT_OBJC_MSGSEND = YES;
				GCC_C_LANGUAGE_STANDARD = gnu11;
				GCC_NO_COMMON_BLOCKS = YES;
				GCC_WARN_64_TO_32_BIT_CONVERSION = YES;
				GCC_WARN_ABOUT_RETURN_TYPE = YES_ERROR;
				GCC_WARN_UNDECLARED_SELECTOR = YES;
				GCC_WARN_UNINITIALIZED_AUTOS = YES_AGGRESSIVE;
				GCC_WARN_UNUSED_FUNCTION = YES;
				GCC_WARN_UNUSED_VARIABLE = YES;
				MTL_ENABLE_DEBUG_INFO = NO;
				MTL_FAST_MATH = YES;
				SWIFT_COMPILATION_MODE = wholemodule;
				SWIFT_OPTIMIZATION_LEVEL = "-O";
			};
			name = Release;
		};
		87DF228F291C004A006881C0 /* Debug */ = {
			isa = XCBuildConfiguration;
			buildSettings = {
				ASSETCATALOG_COMPILER_APPICON_NAME = AppIcon;
				ASSETCATALOG_COMPILER_GLOBAL_ACCENT_COLOR_NAME = AccentColor;
				CODE_SIGN_ENTITLEMENTS = "Animation App/Animation_App.entitlements";
				CODE_SIGN_STYLE = Automatic;
				CURRENT_PROJECT_VERSION = 1;
				DEVELOPMENT_ASSET_PATHS = "\"Animation App/Preview Content\"";
				ENABLE_PREVIEWS = YES;
				GENERATE_INFOPLIST_FILE = YES;
				"INFOPLIST_KEY_UIApplicationSceneManifest_Generation[sdk=iphoneos*]" = YES;
				"INFOPLIST_KEY_UIApplicationSceneManifest_Generation[sdk=iphonesimulator*]" = YES;
				"INFOPLIST_KEY_UIApplicationSupportsIndirectInputEvents[sdk=iphoneos*]" = YES;
				"INFOPLIST_KEY_UIApplicationSupportsIndirectInputEvents[sdk=iphonesimulator*]" = YES;
				"INFOPLIST_KEY_UILaunchScreen_Generation[sdk=iphoneos*]" = YES;
				"INFOPLIST_KEY_UILaunchScreen_Generation[sdk=iphonesimulator*]" = YES;
				"INFOPLIST_KEY_UIStatusBarStyle[sdk=iphoneos*]" = UIStatusBarStyleDefault;
				"INFOPLIST_KEY_UIStatusBarStyle[sdk=iphonesimulator*]" = UIStatusBarStyleDefault;
				INFOPLIST_KEY_UISupportedInterfaceOrientations_iPad = "UIInterfaceOrientationPortrait UIInterfaceOrientationPortraitUpsideDown UIInterfaceOrientationLandscapeLeft UIInterfaceOrientationLandscapeRight";
				INFOPLIST_KEY_UISupportedInterfaceOrientations_iPhone = "UIInterfaceOrientationPortrait UIInterfaceOrientationLandscapeLeft UIInterfaceOrientationLandscapeRight";
				IPHONEOS_DEPLOYMENT_TARGET = 16.1;
				LD_RUNPATH_SEARCH_PATHS = "@executable_path/Frameworks";
				"LD_RUNPATH_SEARCH_PATHS[sdk=macosx*]" = "@executable_path/../Frameworks";
				MACOSX_DEPLOYMENT_TARGET = 12.6;
				MARKETING_VERSION = 1.0;
				PRODUCT_BUNDLE_IDENTIFIER = "arvid95.Animation-App";
				PRODUCT_NAME = "$(TARGET_NAME)";
				SDKROOT = auto;
				SUPPORTED_PLATFORMS = "iphoneos iphonesimulator macosx";
				SWIFT_EMIT_LOC_STRINGS = YES;
				SWIFT_VERSION = 5.0;
				TARGETED_DEVICE_FAMILY = "1,2";
			};
			name = Debug;
		};
		87DF2290291C004A006881C0 /* Release */ = {
			isa = XCBuildConfiguration;
			buildSettings = {
				ASSETCATALOG_COMPILER_APPICON_NAME = AppIcon;
				ASSETCATALOG_COMPILER_GLOBAL_ACCENT_COLOR_NAME = AccentColor;
				CODE_SIGN_ENTITLEMENTS = "Animation App/Animation_App.entitlements";
				CODE_SIGN_STYLE = Automatic;
				CURRENT_PROJECT_VERSION = 1;
				DEVELOPMENT_ASSET_PATHS = "\"Animation App/Preview Content\"";
				ENABLE_PREVIEWS = YES;
				GENERATE_INFOPLIST_FILE = YES;
				"INFOPLIST_KEY_UIApplicationSceneManifest_Generation[sdk=iphoneos*]" = YES;
				"INFOPLIST_KEY_UIApplicationSceneManifest_Generation[sdk=iphonesimulator*]" = YES;
				"INFOPLIST_KEY_UIApplicationSupportsIndirectInputEvents[sdk=iphoneos*]" = YES;
				"INFOPLIST_KEY_UIApplicationSupportsIndirectInputEvents[sdk=iphonesimulator*]" = YES;
				"INFOPLIST_KEY_UILaunchScreen_Generation[sdk=iphoneos*]" = YES;
				"INFOPLIST_KEY_UILaunchScreen_Generation[sdk=iphonesimulator*]" = YES;
				"INFOPLIST_KEY_UIStatusBarStyle[sdk=iphoneos*]" = UIStatusBarStyleDefault;
				"INFOPLIST_KEY_UIStatusBarStyle[sdk=iphonesimulator*]" = UIStatusBarStyleDefault;
				INFOPLIST_KEY_UISupportedInterfaceOrientations_iPad = "UIInterfaceOrientationPortrait UIInterfaceOrientationPortraitUpsideDown UIInterfaceOrientationLandscapeLeft UIInterfaceOrientationLandscapeRight";
				INFOPLIST_KEY_UISupportedInterfaceOrientations_iPhone = "UIInterfaceOrientationPortrait UIInterfaceOrientationLandscapeLeft UIInterfaceOrientationLandscapeRight";
				IPHONEOS_DEPLOYMENT_TARGET = 16.1;
				LD_RUNPATH_SEARCH_PATHS = "@executable_path/Frameworks";
				"LD_RUNPATH_SEARCH_PATHS[sdk=macosx*]" = "@executable_path/../Frameworks";
				MACOSX_DEPLOYMENT_TARGET = 12.6;
				MARKETING_VERSION = 1.0;
				PRODUCT_BUNDLE_IDENTIFIER = "arvid95.Animation-App";
				PRODUCT_NAME = "$(TARGET_NAME)";
				SDKROOT = auto;
				SUPPORTED_PLATFORMS = "iphoneos iphonesimulator macosx";
				SWIFT_EMIT_LOC_STRINGS = YES;
				SWIFT_VERSION = 5.0;
				TARGETED_DEVICE_FAMILY = "1,2";
			};
			name = Release;
		};
		87DF2292291C004A006881C0 /* Debug */ = {
			isa = XCBuildConfiguration;
			buildSettings = {
				ALWAYS_EMBED_SWIFT_STANDARD_LIBRARIES = YES;
				BUNDLE_LOADER = "$(TEST_HOST)";
				CODE_SIGN_STYLE = Automatic;
				CURRENT_PROJECT_VERSION = 1;
				GENERATE_INFOPLIST_FILE = YES;
				IPHONEOS_DEPLOYMENT_TARGET = 16.1;
				MACOSX_DEPLOYMENT_TARGET = 12.6;
				MARKETING_VERSION = 1.0;
				PRODUCT_BUNDLE_IDENTIFIER = "arvid95.Animation-AppTests";
				PRODUCT_NAME = "$(TARGET_NAME)";
				SDKROOT = auto;
				SUPPORTED_PLATFORMS = "iphoneos iphonesimulator macosx";
				SWIFT_EMIT_LOC_STRINGS = NO;
				SWIFT_VERSION = 5.0;
				TARGETED_DEVICE_FAMILY = "1,2";
				TEST_HOST = "$(BUILT_PRODUCTS_DIR)/Animation App.app/$(BUNDLE_EXECUTABLE_FOLDER_PATH)/Animation App";
			};
			name = Debug;
		};
		87DF2293291C004A006881C0 /* Release */ = {
			isa = XCBuildConfiguration;
			buildSettings = {
				ALWAYS_EMBED_SWIFT_STANDARD_LIBRARIES = YES;
				BUNDLE_LOADER = "$(TEST_HOST)";
				CODE_SIGN_STYLE = Automatic;
				CURRENT_PROJECT_VERSION = 1;
				GENERATE_INFOPLIST_FILE = YES;
				IPHONEOS_DEPLOYMENT_TARGET = 16.1;
				MACOSX_DEPLOYMENT_TARGET = 12.6;
				MARKETING_VERSION = 1.0;
				PRODUCT_BUNDLE_IDENTIFIER = "arvid95.Animation-AppTests";
				PRODUCT_NAME = "$(TARGET_NAME)";
				SDKROOT = auto;
				SUPPORTED_PLATFORMS = "iphoneos iphonesimulator macosx";
				SWIFT_EMIT_LOC_STRINGS = NO;
				SWIFT_VERSION = 5.0;
				TARGETED_DEVICE_FAMILY = "1,2";
				TEST_HOST = "$(BUILT_PRODUCTS_DIR)/Animation App.app/$(BUNDLE_EXECUTABLE_FOLDER_PATH)/Animation App";
			};
			name = Release;
		};
		87DF2295291C004A006881C0 /* Debug */ = {
			isa = XCBuildConfiguration;
			buildSettings = {
				ALWAYS_EMBED_SWIFT_STANDARD_LIBRARIES = YES;
				CODE_SIGN_STYLE = Automatic;
				CURRENT_PROJECT_VERSION = 1;
				GENERATE_INFOPLIST_FILE = YES;
				IPHONEOS_DEPLOYMENT_TARGET = 16.1;
				MACOSX_DEPLOYMENT_TARGET = 12.6;
				MARKETING_VERSION = 1.0;
				PRODUCT_BUNDLE_IDENTIFIER = "arvid95.Animation-AppUITests";
				PRODUCT_NAME = "$(TARGET_NAME)";
				SDKROOT = auto;
				SUPPORTED_PLATFORMS = "iphoneos iphonesimulator macosx";
				SWIFT_EMIT_LOC_STRINGS = NO;
				SWIFT_VERSION = 5.0;
				TARGETED_DEVICE_FAMILY = "1,2";
				TEST_TARGET_NAME = "Animation App";
			};
			name = Debug;
		};
		87DF2296291C004A006881C0 /* Release */ = {
			isa = XCBuildConfiguration;
			buildSettings = {
				ALWAYS_EMBED_SWIFT_STANDARD_LIBRARIES = YES;
				CODE_SIGN_STYLE = Automatic;
				CURRENT_PROJECT_VERSION = 1;
				GENERATE_INFOPLIST_FILE = YES;
				IPHONEOS_DEPLOYMENT_TARGET = 16.1;
				MACOSX_DEPLOYMENT_TARGET = 12.6;
				MARKETING_VERSION = 1.0;
				PRODUCT_BUNDLE_IDENTIFIER = "arvid95.Animation-AppUITests";
				PRODUCT_NAME = "$(TARGET_NAME)";
				SDKROOT = auto;
				SUPPORTED_PLATFORMS = "iphoneos iphonesimulator macosx";
				SWIFT_EMIT_LOC_STRINGS = NO;
				SWIFT_VERSION = 5.0;
				TARGETED_DEVICE_FAMILY = "1,2";
				TEST_TARGET_NAME = "Animation App";
			};
			name = Release;
		};
/* End XCBuildConfiguration section */

/* Begin XCConfigurationList section */
		87DF2264291C0049006881C0 /* Build configuration list for PBXProject "Animation App" */ = {
			isa = XCConfigurationList;
			buildConfigurations = (
				87DF228C291C004A006881C0 /* Debug */,
				87DF228D291C004A006881C0 /* Release */,
			);
			defaultConfigurationIsVisible = 0;
			defaultConfigurationName = Release;
		};
		87DF228E291C004A006881C0 /* Build configuration list for PBXNativeTarget "Animation App" */ = {
			isa = XCConfigurationList;
			buildConfigurations = (
				87DF228F291C004A006881C0 /* Debug */,
				87DF2290291C004A006881C0 /* Release */,
			);
			defaultConfigurationIsVisible = 0;
			defaultConfigurationName = Release;
		};
		87DF2291291C004A006881C0 /* Build configuration list for PBXNativeTarget "Animation AppTests" */ = {
			isa = XCConfigurationList;
			buildConfigurations = (
				87DF2292291C004A006881C0 /* Debug */,
				87DF2293291C004A006881C0 /* Release */,
			);
			defaultConfigurationIsVisible = 0;
			defaultConfigurationName = Release;
		};
		87DF2294291C004A006881C0 /* Build configuration list for PBXNativeTarget "Animation AppUITests" */ = {
			isa = XCConfigurationList;
			buildConfigurations = (
				87DF2295291C004A006881C0 /* Debug */,
				87DF2296291C004A006881C0 /* Release */,
			);
			defaultConfigurationIsVisible = 0;
			defaultConfigurationName = Release;
		};
/* End XCConfigurationList section */
	};
	rootObject = 87DF2261291C0049006881C0 /* Project object */;
}
